
Microsoft Visual Studio Solution File, Format Version 12.00
# Visual Studio 15
VisualStudioVersion = 15.0.27703.2047
MinimumVisualStudioVersion = 10.0.40219.1
Project("{FAE04EC0-301F-11D3-BF4B-00C04F79EFBC}") = "Calculator", "Calculator\Calculator.csproj", "{54C08F1D-CB5F-4B96-ADCA-D237E23063EF}"
EndProject
Global
	GlobalSection(SolutionConfigurationPlatforms) = preSolution
		Debug|Any CPU = Debug|Any CPU
		Release|Any CPU = Release|Any CPU
	EndGlobalSection
	GlobalSection(ProjectConfigurationPlatforms) = postSolution
		{54C08F1D-CB5F-4B96-ADCA-D237E23063EF}.Debug|Any CPU.ActiveCfg = Debug|Any CPU
		{54C08F1D-CB5F-4B96-ADCA-D237E23063EF}.Debug|Any CPU.Build.0 = Debug|Any CPU
		{54C08F1D-CB5F-4B96-ADCA-D237E23063EF}.Release|Any CPU.ActiveCfg = Release|Any CPU
		{54C08F1D-CB5F-4B96-ADCA-D237E23063EF}.Release|Any CPU.Build.0 = Release|Any CPU
	EndGlobalSection
	GlobalSection(SolutionProperties) = preSolution
		HideSolutionNode = FALSE
	EndGlobalSection
	GlobalSection(ExtensibilityGlobals) = postSolution
		SolutionGuid = {3EA074D6-FE9A-403D-9017-C196B638CD93}
	EndGlobalSection
EndGlobal
